// !$*UTF8*$!
{
	archiveVersion = 1;
	classes = {
	};
	objectVersion = 56;
	objects = {

/* Begin PBXBuildFile section */
		96C830292BD8A53D00301D58 /* RickAndMorty_iOS_SwiftUIApp.swift in Sources */ = {isa = PBXBuildFile; fileRef = 96C830282BD8A53D00301D58 /* RickAndMorty_iOS_SwiftUIApp.swift */; };
		96C8302B2BD8A53D00301D58 /* ContentView.swift in Sources */ = {isa = PBXBuildFile; fileRef = 96C8302A2BD8A53D00301D58 /* ContentView.swift */; };
		96C8302D2BD8A53D00301D58 /* Item.swift in Sources */ = {isa = PBXBuildFile; fileRef = 96C8302C2BD8A53D00301D58 /* Item.swift */; };
		96C8302F2BD8A53E00301D58 /* Assets.xcassets in Resources */ = {isa = PBXBuildFile; fileRef = 96C8302E2BD8A53E00301D58 /* Assets.xcassets */; };
		96C830322BD8A53E00301D58 /* Preview Assets.xcassets in Resources */ = {isa = PBXBuildFile; fileRef = 96C830312BD8A53E00301D58 /* Preview Assets.xcassets */; };
		96C8303C2BD8A53F00301D58 /* RickAndMorty_iOS_SwiftUITests.swift in Sources */ = {isa = PBXBuildFile; fileRef = 96C8303B2BD8A53F00301D58 /* RickAndMorty_iOS_SwiftUITests.swift */; };
		96C830462BD8A53F00301D58 /* RickAndMorty_iOS_SwiftUIUITests.swift in Sources */ = {isa = PBXBuildFile; fileRef = 96C830452BD8A53F00301D58 /* RickAndMorty_iOS_SwiftUIUITests.swift */; };
		96C830482BD8A53F00301D58 /* RickAndMorty_iOS_SwiftUIUITestsLaunchTests.swift in Sources */ = {isa = PBXBuildFile; fileRef = 96C830472BD8A53F00301D58 /* RickAndMorty_iOS_SwiftUIUITestsLaunchTests.swift */; };
/* End PBXBuildFile section */

/* Begin PBXContainerItemProxy section */
		96C830382BD8A53F00301D58 /* PBXContainerItemProxy */ = {
			isa = PBXContainerItemProxy;
			containerPortal = 96C8301D2BD8A53D00301D58 /* Project object */;
			proxyType = 1;
			remoteGlobalIDString = 96C830242BD8A53D00301D58;
			remoteInfo = "RickAndMorty-iOS-SwiftUI";
		};
		96C830422BD8A53F00301D58 /* PBXContainerItemProxy */ = {
			isa = PBXContainerItemProxy;
			containerPortal = 96C8301D2BD8A53D00301D58 /* Project object */;
			proxyType = 1;
			remoteGlobalIDString = 96C830242BD8A53D00301D58;
			remoteInfo = "RickAndMorty-iOS-SwiftUI";
		};
/* End PBXContainerItemProxy section */

/* Begin PBXFileReference section */
		96C830252BD8A53D00301D58 /* RickAndMorty-iOS-SwiftUI.app */ = {isa = PBXFileReference; explicitFileType = wrapper.application; includeInIndex = 0; path = "RickAndMorty-iOS-SwiftUI.app"; sourceTree = BUILT_PRODUCTS_DIR; };
		96C830282BD8A53D00301D58 /* RickAndMorty_iOS_SwiftUIApp.swift */ = {isa = PBXFileReference; lastKnownFileType = sourcecode.swift; path = RickAndMorty_iOS_SwiftUIApp.swift; sourceTree = "<group>"; };
		96C8302A2BD8A53D00301D58 /* ContentView.swift */ = {isa = PBXFileReference; lastKnownFileType = sourcecode.swift; path = ContentView.swift; sourceTree = "<group>"; };
		96C8302C2BD8A53D00301D58 /* Item.swift */ = {isa = PBXFileReference; lastKnownFileType = sourcecode.swift; path = Item.swift; sourceTree = "<group>"; };
		96C8302E2BD8A53E00301D58 /* Assets.xcassets */ = {isa = PBXFileReference; lastKnownFileType = folder.assetcatalog; path = Assets.xcassets; sourceTree = "<group>"; };
		96C830312BD8A53E00301D58 /* Preview Assets.xcassets */ = {isa = PBXFileReference; lastKnownFileType = folder.assetcatalog; path = "Preview Assets.xcassets"; sourceTree = "<group>"; };
		96C830372BD8A53F00301D58 /* RickAndMorty-iOS-SwiftUITests.xctest */ = {isa = PBXFileReference; explicitFileType = wrapper.cfbundle; includeInIndex = 0; path = "RickAndMorty-iOS-SwiftUITests.xctest"; sourceTree = BUILT_PRODUCTS_DIR; };
		96C8303B2BD8A53F00301D58 /* RickAndMorty_iOS_SwiftUITests.swift */ = {isa = PBXFileReference; lastKnownFileType = sourcecode.swift; path = RickAndMorty_iOS_SwiftUITests.swift; sourceTree = "<group>"; };
		96C830412BD8A53F00301D58 /* RickAndMorty-iOS-SwiftUIUITests.xctest */ = {isa = PBXFileReference; explicitFileType = wrapper.cfbundle; includeInIndex = 0; path = "RickAndMorty-iOS-SwiftUIUITests.xctest"; sourceTree = BUILT_PRODUCTS_DIR; };
		96C830452BD8A53F00301D58 /* RickAndMorty_iOS_SwiftUIUITests.swift */ = {isa = PBXFileReference; lastKnownFileType = sourcecode.swift; path = RickAndMorty_iOS_SwiftUIUITests.swift; sourceTree = "<group>"; };
		96C830472BD8A53F00301D58 /* RickAndMorty_iOS_SwiftUIUITestsLaunchTests.swift */ = {isa = PBXFileReference; lastKnownFileType = sourcecode.swift; path = RickAndMorty_iOS_SwiftUIUITestsLaunchTests.swift; sourceTree = "<group>"; };
/* End PBXFileReference section */

/* Begin PBXFrameworksBuildPhase section */
		96C830222BD8A53D00301D58 /* Frameworks */ = {
			isa = PBXFrameworksBuildPhase;
			buildActionMask = 2147483647;
			files = (
			);
			runOnlyForDeploymentPostprocessing = 0;
		};
		96C830342BD8A53F00301D58 /* Frameworks */ = {
			isa = PBXFrameworksBuildPhase;
			buildActionMask = 2147483647;
			files = (
			);
			runOnlyForDeploymentPostprocessing = 0;
		};
		96C8303E2BD8A53F00301D58 /* Frameworks */ = {
			isa = PBXFrameworksBuildPhase;
			buildActionMask = 2147483647;
			files = (
			);
			runOnlyForDeploymentPostprocessing = 0;
		};
/* End PBXFrameworksBuildPhase section */

/* Begin PBXGroup section */
		96C8301C2BD8A53D00301D58 = {
			isa = PBXGroup;
			children = (
				96C830272BD8A53D00301D58 /* RickAndMorty-iOS-SwiftUI */,
				96C8303A2BD8A53F00301D58 /* RickAndMorty-iOS-SwiftUITests */,
				96C830442BD8A53F00301D58 /* RickAndMorty-iOS-SwiftUIUITests */,
				96C830262BD8A53D00301D58 /* Products */,
			);
			sourceTree = "<group>";
		};
		96C830262BD8A53D00301D58 /* Products */ = {
			isa = PBXGroup;
			children = (
				96C830252BD8A53D00301D58 /* RickAndMorty-iOS-SwiftUI.app */,
				96C830372BD8A53F00301D58 /* RickAndMorty-iOS-SwiftUITests.xctest */,
				96C830412BD8A53F00301D58 /* RickAndMorty-iOS-SwiftUIUITests.xctest */,
			);
			name = Products;
			sourceTree = "<group>";
		};
		96C830272BD8A53D00301D58 /* RickAndMorty-iOS-SwiftUI */ = {
			isa = PBXGroup;
			children = (
				96C830282BD8A53D00301D58 /* RickAndMorty_iOS_SwiftUIApp.swift */,
				96C8302A2BD8A53D00301D58 /* ContentView.swift */,
				96C8302C2BD8A53D00301D58 /* Item.swift */,
				96C8302E2BD8A53E00301D58 /* Assets.xcassets */,
				96C830302BD8A53E00301D58 /* Preview Content */,
			);
			path = "RickAndMorty-iOS-SwiftUI";
			sourceTree = "<group>";
		};
		96C830302BD8A53E00301D58 /* Preview Content */ = {
			isa = PBXGroup;
			children = (
				96C830312BD8A53E00301D58 /* Preview Assets.xcassets */,
			);
			path = "Preview Content";
			sourceTree = "<group>";
		};
		96C8303A2BD8A53F00301D58 /* RickAndMorty-iOS-SwiftUITests */ = {
			isa = PBXGroup;
			children = (
				96C8303B2BD8A53F00301D58 /* RickAndMorty_iOS_SwiftUITests.swift */,
			);
			path = "RickAndMorty-iOS-SwiftUITests";
			sourceTree = "<group>";
		};
		96C830442BD8A53F00301D58 /* RickAndMorty-iOS-SwiftUIUITests */ = {
			isa = PBXGroup;
			children = (
				96C830452BD8A53F00301D58 /* RickAndMorty_iOS_SwiftUIUITests.swift */,
				96C830472BD8A53F00301D58 /* RickAndMorty_iOS_SwiftUIUITestsLaunchTests.swift */,
			);
			path = "RickAndMorty-iOS-SwiftUIUITests";
			sourceTree = "<group>";
		};
/* End PBXGroup section */

/* Begin PBXNativeTarget section */
		96C830242BD8A53D00301D58 /* RickAndMorty-iOS-SwiftUI */ = {
			isa = PBXNativeTarget;
			buildConfigurationList = 96C8304B2BD8A53F00301D58 /* Build configuration list for PBXNativeTarget "RickAndMorty-iOS-SwiftUI" */;
			buildPhases = (
				96C830212BD8A53D00301D58 /* Sources */,
				96C830222BD8A53D00301D58 /* Frameworks */,
				96C830232BD8A53D00301D58 /* Resources */,
			);
			buildRules = (
			);
			dependencies = (
			);
			name = "RickAndMorty-iOS-SwiftUI";
			productName = "RickAndMorty-iOS-SwiftUI";
			productReference = 96C830252BD8A53D00301D58 /* RickAndMorty-iOS-SwiftUI.app */;
			productType = "com.apple.product-type.application";
		};
		96C830362BD8A53F00301D58 /* RickAndMorty-iOS-SwiftUITests */ = {
			isa = PBXNativeTarget;
			buildConfigurationList = 96C8304E2BD8A53F00301D58 /* Build configuration list for PBXNativeTarget "RickAndMorty-iOS-SwiftUITests" */;
			buildPhases = (
				96C830332BD8A53F00301D58 /* Sources */,
				96C830342BD8A53F00301D58 /* Frameworks */,
				96C830352BD8A53F00301D58 /* Resources */,
			);
			buildRules = (
			);
			dependencies = (
				96C830392BD8A53F00301D58 /* PBXTargetDependency */,
			);
			name = "RickAndMorty-iOS-SwiftUITests";
			productName = "RickAndMorty-iOS-SwiftUITests";
			productReference = 96C830372BD8A53F00301D58 /* RickAndMorty-iOS-SwiftUITests.xctest */;
			productType = "com.apple.product-type.bundle.unit-test";
		};
		96C830402BD8A53F00301D58 /* RickAndMorty-iOS-SwiftUIUITests */ = {
			isa = PBXNativeTarget;
			buildConfigurationList = 96C830512BD8A53F00301D58 /* Build configuration list for PBXNativeTarget "RickAndMorty-iOS-SwiftUIUITests" */;
			buildPhases = (
				96C8303D2BD8A53F00301D58 /* Sources */,
				96C8303E2BD8A53F00301D58 /* Frameworks */,
				96C8303F2BD8A53F00301D58 /* Resources */,
			);
			buildRules = (
			);
			dependencies = (
				96C830432BD8A53F00301D58 /* PBXTargetDependency */,
			);
			name = "RickAndMorty-iOS-SwiftUIUITests";
			productName = "RickAndMorty-iOS-SwiftUIUITests";
			productReference = 96C830412BD8A53F00301D58 /* RickAndMorty-iOS-SwiftUIUITests.xctest */;
			productType = "com.apple.product-type.bundle.ui-testing";
		};
/* End PBXNativeTarget section */

/* Begin PBXProject section */
		96C8301D2BD8A53D00301D58 /* Project object */ = {
			isa = PBXProject;
			attributes = {
				BuildIndependentTargetsInParallel = 1;
				LastSwiftUpdateCheck = 1530;
				LastUpgradeCheck = 1530;
				TargetAttributes = {
					96C830242BD8A53D00301D58 = {
						CreatedOnToolsVersion = 15.3;
					};
					96C830362BD8A53F00301D58 = {
						CreatedOnToolsVersion = 15.3;
						TestTargetID = 96C830242BD8A53D00301D58;
					};
					96C830402BD8A53F00301D58 = {
						CreatedOnToolsVersion = 15.3;
						TestTargetID = 96C830242BD8A53D00301D58;
					};
				};
			};
			buildConfigurationList = 96C830202BD8A53D00301D58 /* Build configuration list for PBXProject "RickAndMorty-iOS-SwiftUI" */;
			compatibilityVersion = "Xcode 14.0";
			developmentRegion = en;
			hasScannedForEncodings = 0;
			knownRegions = (
				en,
				Base,
			);
			mainGroup = 96C8301C2BD8A53D00301D58;
			productRefGroup = 96C830262BD8A53D00301D58 /* Products */;
			projectDirPath = "";
			projectRoot = "";
			targets = (
				96C830242BD8A53D00301D58 /* RickAndMorty-iOS-SwiftUI */,
				96C830362BD8A53F00301D58 /* RickAndMorty-iOS-SwiftUITests */,
				96C830402BD8A53F00301D58 /* RickAndMorty-iOS-SwiftUIUITests */,
			);
		};
/* End PBXProject section */

/* Begin PBXResourcesBuildPhase section */
		96C830232BD8A53D00301D58 /* Resources */ = {
			isa = PBXResourcesBuildPhase;
			buildActionMask = 2147483647;
			files = (
				96C830322BD8A53E00301D58 /* Preview Assets.xcassets in Resources */,
				96C8302F2BD8A53E00301D58 /* Assets.xcassets in Resources */,
			);
			runOnlyForDeploymentPostprocessing = 0;
		};
		96C830352BD8A53F00301D58 /* Resources */ = {
			isa = PBXResourcesBuildPhase;
			buildActionMask = 2147483647;
			files = (
			);
			runOnlyForDeploymentPostprocessing = 0;
		};
		96C8303F2BD8A53F00301D58 /* Resources */ = {
			isa = PBXResourcesBuildPhase;
			buildActionMask = 2147483647;
			files = (
			);
			runOnlyForDeploymentPostprocessing = 0;
		};
/* End PBXResourcesBuildPhase section */

/* Begin PBXSourcesBuildPhase section */
		96C830212BD8A53D00301D58 /* Sources */ = {
			isa = PBXSourcesBuildPhase;
			buildActionMask = 2147483647;
			files = (
				96C8302B2BD8A53D00301D58 /* ContentView.swift in Sources */,
				96C8302D2BD8A53D00301D58 /* Item.swift in Sources */,
				96C830292BD8A53D00301D58 /* RickAndMorty_iOS_SwiftUIApp.swift in Sources */,
			);
			runOnlyForDeploymentPostprocessing = 0;
		};
		96C830332BD8A53F00301D58 /* Sources */ = {
			isa = PBXSourcesBuildPhase;
			buildActionMask = 2147483647;
			files = (
				96C8303C2BD8A53F00301D58 /* RickAndMorty_iOS_SwiftUITests.swift in Sources */,
			);
			runOnlyForDeploymentPostprocessing = 0;
		};
		96C8303D2BD8A53F00301D58 /* Sources */ = {
			isa = PBXSourcesBuildPhase;
			buildActionMask = 2147483647;
			files = (
				96C830462BD8A53F00301D58 /* RickAndMorty_iOS_SwiftUIUITests.swift in Sources */,
				96C830482BD8A53F00301D58 /* RickAndMorty_iOS_SwiftUIUITestsLaunchTests.swift in Sources */,
			);
			runOnlyForDeploymentPostprocessing = 0;
		};
/* End PBXSourcesBuildPhase section */

/* Begin PBXTargetDependency section */
		96C830392BD8A53F00301D58 /* PBXTargetDependency */ = {
			isa = PBXTargetDependency;
			target = 96C830242BD8A53D00301D58 /* RickAndMorty-iOS-SwiftUI */;
			targetProxy = 96C830382BD8A53F00301D58 /* PBXContainerItemProxy */;
		};
		96C830432BD8A53F00301D58 /* PBXTargetDependency */ = {
			isa = PBXTargetDependency;
			target = 96C830242BD8A53D00301D58 /* RickAndMorty-iOS-SwiftUI */;
			targetProxy = 96C830422BD8A53F00301D58 /* PBXContainerItemProxy */;
		};
/* End PBXTargetDependency section */

/* Begin XCBuildConfiguration section */
		96C830492BD8A53F00301D58 /* Debug */ = {
			isa = XCBuildConfiguration;
			buildSettings = {
				ALWAYS_SEARCH_USER_PATHS = NO;
				ASSETCATALOG_COMPILER_GENERATE_SWIFT_ASSET_SYMBOL_EXTENSIONS = YES;
				CLANG_ANALYZER_NONNULL = YES;
				CLANG_ANALYZER_NUMBER_OBJECT_CONVERSION = YES_AGGRESSIVE;
				CLANG_CXX_LANGUAGE_STANDARD = "gnu++20";
				CLANG_ENABLE_MODULES = YES;
				CLANG_ENABLE_OBJC_ARC = YES;
				CLANG_ENABLE_OBJC_WEAK = YES;
				CLANG_WARN_BLOCK_CAPTURE_AUTORELEASING = YES;
				CLANG_WARN_BOOL_CONVERSION = YES;
				CLANG_WARN_COMMA = YES;
				CLANG_WARN_CONSTANT_CONVERSION = YES;
				CLANG_WARN_DEPRECATED_OBJC_IMPLEMENTATIONS = YES;
				CLANG_WARN_DIRECT_OBJC_ISA_USAGE = YES_ERROR;
				CLANG_WARN_DOCUMENTATION_COMMENTS = YES;
				CLANG_WARN_EMPTY_BODY = YES;
				CLANG_WARN_ENUM_CONVERSION = YES;
				CLANG_WARN_INFINITE_RECURSION = YES;
				CLANG_WARN_INT_CONVERSION = YES;
				CLANG_WARN_NON_LITERAL_NULL_CONVERSION = YES;
				CLANG_WARN_OBJC_IMPLICIT_RETAIN_SELF = YES;
				CLANG_WARN_OBJC_LITERAL_CONVERSION = YES;
				CLANG_WARN_OBJC_ROOT_CLASS = YES_ERROR;
				CLANG_WARN_QUOTED_INCLUDE_IN_FRAMEWORK_HEADER = YES;
				CLANG_WARN_RANGE_LOOP_ANALYSIS = YES;
				CLANG_WARN_STRICT_PROTOTYPES = YES;
				CLANG_WARN_SUSPICIOUS_MOVE = YES;
				CLANG_WARN_UNGUARDED_AVAILABILITY = YES_AGGRESSIVE;
				CLANG_WARN_UNREACHABLE_CODE = YES;
				CLANG_WARN__DUPLICATE_METHOD_MATCH = YES;
				COPY_PHASE_STRIP = NO;
				DEBUG_INFORMATION_FORMAT = dwarf;
				ENABLE_STRICT_OBJC_MSGSEND = YES;
				ENABLE_TESTABILITY = YES;
				ENABLE_USER_SCRIPT_SANDBOXING = YES;
				GCC_C_LANGUAGE_STANDARD = gnu17;
				GCC_DYNAMIC_NO_PIC = NO;
				GCC_NO_COMMON_BLOCKS = YES;
				GCC_OPTIMIZATION_LEVEL = 0;
				GCC_PREPROCESSOR_DEFINITIONS = (
					"DEBUG=1",
					"$(inherited)",
				);
				GCC_WARN_64_TO_32_BIT_CONVERSION = YES;
				GCC_WARN_ABOUT_RETURN_TYPE = YES_ERROR;
				GCC_WARN_UNDECLARED_SELECTOR = YES;
				GCC_WARN_UNINITIALIZED_AUTOS = YES_AGGRESSIVE;
				GCC_WARN_UNUSED_FUNCTION = YES;
				GCC_WARN_UNUSED_VARIABLE = YES;
				IPHONEOS_DEPLOYMENT_TARGET = 17.4;
				LOCALIZATION_PREFERS_STRING_CATALOGS = YES;
				MTL_ENABLE_DEBUG_INFO = INCLUDE_SOURCE;
				MTL_FAST_MATH = YES;
				ONLY_ACTIVE_ARCH = YES;
				SDKROOT = iphoneos;
				SWIFT_ACTIVE_COMPILATION_CONDITIONS = "DEBUG $(inherited)";
				SWIFT_OPTIMIZATION_LEVEL = "-Onone";
			};
			name = Debug;
		};
		96C8304A2BD8A53F00301D58 /* Release */ = {
			isa = XCBuildConfiguration;
			buildSettings = {
				ALWAYS_SEARCH_USER_PATHS = NO;
				ASSETCATALOG_COMPILER_GENERATE_SWIFT_ASSET_SYMBOL_EXTENSIONS = YES;
				CLANG_ANALYZER_NONNULL = YES;
				CLANG_ANALYZER_NUMBER_OBJECT_CONVERSION = YES_AGGRESSIVE;
				CLANG_CXX_LANGUAGE_STANDARD = "gnu++20";
				CLANG_ENABLE_MODULES = YES;
				CLANG_ENABLE_OBJC_ARC = YES;
				CLANG_ENABLE_OBJC_WEAK = YES;
				CLANG_WARN_BLOCK_CAPTURE_AUTORELEASING = YES;
				CLANG_WARN_BOOL_CONVERSION = YES;
				CLANG_WARN_COMMA = YES;
				CLANG_WARN_CONSTANT_CONVERSION = YES;
				CLANG_WARN_DEPRECATED_OBJC_IMPLEMENTATIONS = YES;
				CLANG_WARN_DIRECT_OBJC_ISA_USAGE = YES_ERROR;
				CLANG_WARN_DOCUMENTATION_COMMENTS = YES;
				CLANG_WARN_EMPTY_BODY = YES;
				CLANG_WARN_ENUM_CONVERSION = YES;
				CLANG_WARN_INFINITE_RECURSION = YES;
				CLANG_WARN_INT_CONVERSION = YES;
				CLANG_WARN_NON_LITERAL_NULL_CONVERSION = YES;
				CLANG_WARN_OBJC_IMPLICIT_RETAIN_SELF = YES;
				CLANG_WARN_OBJC_LITERAL_CONVERSION = YES;
				CLANG_WARN_OBJC_ROOT_CLASS = YES_ERROR;
				CLANG_WARN_QUOTED_INCLUDE_IN_FRAMEWORK_HEADER = YES;
				CLANG_WARN_RANGE_LOOP_ANALYSIS = YES;
				CLANG_WARN_STRICT_PROTOTYPES = YES;
				CLANG_WARN_SUSPICIOUS_MOVE = YES;
				CLANG_WARN_UNGUARDED_AVAILABILITY = YES_AGGRESSIVE;
				CLANG_WARN_UNREACHABLE_CODE = YES;
				CLANG_WARN__DUPLICATE_METHOD_MATCH = YES;
				COPY_PHASE_STRIP = NO;
				DEBUG_INFORMATION_FORMAT = "dwarf-with-dsym";
				ENABLE_NS_ASSERTIONS = NO;
				ENABLE_STRICT_OBJC_MSGSEND = YES;
				ENABLE_USER_SCRIPT_SANDBOXING = YES;
				GCC_C_LANGUAGE_STANDARD = gnu17;
				GCC_NO_COMMON_BLOCKS = YES;
				GCC_WARN_64_TO_32_BIT_CONVERSION = YES;
				GCC_WARN_ABOUT_RETURN_TYPE = YES_ERROR;
				GCC_WARN_UNDECLARED_SELECTOR = YES;
				GCC_WARN_UNINITIALIZED_AUTOS = YES_AGGRESSIVE;
				GCC_WARN_UNUSED_FUNCTION = YES;
				GCC_WARN_UNUSED_VARIABLE = YES;
				IPHONEOS_DEPLOYMENT_TARGET = 17.4;
				LOCALIZATION_PREFERS_STRING_CATALOGS = YES;
				MTL_ENABLE_DEBUG_INFO = NO;
				MTL_FAST_MATH = YES;
				SDKROOT = iphoneos;
				SWIFT_COMPILATION_MODE = wholemodule;
				VALIDATE_PRODUCT = YES;
			};
			name = Release;
		};
		96C8304C2BD8A53F00301D58 /* Debug */ = {
			isa = XCBuildConfiguration;
			buildSettings = {
				ASSETCATALOG_COMPILER_APPICON_NAME = AppIcon;
				ASSETCATALOG_COMPILER_GLOBAL_ACCENT_COLOR_NAME = AccentColor;
				CODE_SIGN_STYLE = Automatic;
				CURRENT_PROJECT_VERSION = 1;
				DEVELOPMENT_ASSET_PATHS = "\"RickAndMorty-iOS-SwiftUI/Preview Content\"";
				DEVELOPMENT_TEAM = Y5LAGSY8W8;
				ENABLE_PREVIEWS = YES;
				GENERATE_INFOPLIST_FILE = YES;
				INFOPLIST_KEY_UIApplicationSceneManifest_Generation = YES;
				INFOPLIST_KEY_UIApplicationSupportsIndirectInputEvents = YES;
				INFOPLIST_KEY_UILaunchScreen_Generation = YES;
				INFOPLIST_KEY_UISupportedInterfaceOrientations_iPad = "UIInterfaceOrientationPortrait UIInterfaceOrientationPortraitUpsideDown UIInterfaceOrientationLandscapeLeft UIInterfaceOrientationLandscapeRight";
				INFOPLIST_KEY_UISupportedInterfaceOrientations_iPhone = "UIInterfaceOrientationPortrait UIInterfaceOrientationLandscapeLeft UIInterfaceOrientationLandscapeRight";
				LD_RUNPATH_SEARCH_PATHS = (
					"$(inherited)",
					"@executable_path/Frameworks",
				);
				MARKETING_VERSION = 1.0;
				PRODUCT_BUNDLE_IDENTIFIER = "com.desayscod.RickAndMorty-iOS-SwiftUI";
				PRODUCT_NAME = "$(TARGET_NAME)";
				SWIFT_EMIT_LOC_STRINGS = YES;
				SWIFT_VERSION = 5.0;
				TARGETED_DEVICE_FAMILY = "1,2";
			};
			name = Debug;
		};
		96C8304D2BD8A53F00301D58 /* Release */ = {
			isa = XCBuildConfiguration;
			buildSettings = {
				ASSETCATALOG_COMPILER_APPICON_NAME = AppIcon;
				ASSETCATALOG_COMPILER_GLOBAL_ACCENT_COLOR_NAME = AccentColor;
				CODE_SIGN_STYLE = Automatic;
				CURRENT_PROJECT_VERSION = 1;
				DEVELOPMENT_ASSET_PATHS = "\"RickAndMorty-iOS-SwiftUI/Preview Content\"";
				DEVELOPMENT_TEAM = Y5LAGSY8W8;
				ENABLE_PREVIEWS = YES;
				GENERATE_INFOPLIST_FILE = YES;
				INFOPLIST_KEY_UIApplicationSceneManifest_Generation = YES;
				INFOPLIST_KEY_UIApplicationSupportsIndirectInputEvents = YES;
				INFOPLIST_KEY_UILaunchScreen_Generation = YES;
				INFOPLIST_KEY_UISupportedInterfaceOrientations_iPad = "UIInterfaceOrientationPortrait UIInterfaceOrientationPortraitUpsideDown UIInterfaceOrientationLandscapeLeft UIInterfaceOrientationLandscapeRight";
				INFOPLIST_KEY_UISupportedInterfaceOrientations_iPhone = "UIInterfaceOrientationPortrait UIInterfaceOrientationLandscapeLeft UIInterfaceOrientationLandscapeRight";
				LD_RUNPATH_SEARCH_PATHS = (
					"$(inherited)",
					"@executable_path/Frameworks",
				);
				MARKETING_VERSION = 1.0;
				PRODUCT_BUNDLE_IDENTIFIER = "com.desayscod.RickAndMorty-iOS-SwiftUI";
				PRODUCT_NAME = "$(TARGET_NAME)";
				SWIFT_EMIT_LOC_STRINGS = YES;
				SWIFT_VERSION = 5.0;
				TARGETED_DEVICE_FAMILY = "1,2";
			};
			name = Release;
		};
		96C8304F2BD8A53F00301D58 /* Debug */ = {
			isa = XCBuildConfiguration;
			buildSettings = {
				ALWAYS_EMBED_SWIFT_STANDARD_LIBRARIES = YES;
				BUNDLE_LOADER = "$(TEST_HOST)";
				CODE_SIGN_STYLE = Automatic;
				CURRENT_PROJECT_VERSION = 1;
				DEVELOPMENT_TEAM = Y5LAGSY8W8;
				GENERATE_INFOPLIST_FILE = YES;
				IPHONEOS_DEPLOYMENT_TARGET = 17.4;
				MARKETING_VERSION = 1.0;
				PRODUCT_BUNDLE_IDENTIFIER = "com.desayscod.RickAndMorty-iOS-SwiftUITests";
				PRODUCT_NAME = "$(TARGET_NAME)";
				SWIFT_EMIT_LOC_STRINGS = NO;
				SWIFT_VERSION = 5.0;
				TARGETED_DEVICE_FAMILY = "1,2";
				TEST_HOST = "$(BUILT_PRODUCTS_DIR)/RickAndMorty-iOS-SwiftUI.app/$(BUNDLE_EXECUTABLE_FOLDER_PATH)/RickAndMorty-iOS-SwiftUI";
			};
			name = Debug;
		};
		96C830502BD8A53F00301D58 /* Release */ = {
			isa = XCBuildConfiguration;
			buildSettings = {
				ALWAYS_EMBED_SWIFT_STANDARD_LIBRARIES = YES;
				BUNDLE_LOADER = "$(TEST_HOST)";
				CODE_SIGN_STYLE = Automatic;
				CURRENT_PROJECT_VERSION = 1;
				DEVELOPMENT_TEAM = Y5LAGSY8W8;
				GENERATE_INFOPLIST_FILE = YES;
				IPHONEOS_DEPLOYMENT_TARGET = 17.4;
				MARKETING_VERSION = 1.0;
				PRODUCT_BUNDLE_IDENTIFIER = "com.desayscod.RickAndMorty-iOS-SwiftUITests";
				PRODUCT_NAME = "$(TARGET_NAME)";
				SWIFT_EMIT_LOC_STRINGS = NO;
				SWIFT_VERSION = 5.0;
				TARGETED_DEVICE_FAMILY = "1,2";
				TEST_HOST = "$(BUILT_PRODUCTS_DIR)/RickAndMorty-iOS-SwiftUI.app/$(BUNDLE_EXECUTABLE_FOLDER_PATH)/RickAndMorty-iOS-SwiftUI";
			};
			name = Release;
		};
		96C830522BD8A53F00301D58 /* Debug */ = {
			isa = XCBuildConfiguration;
			buildSettings = {
				ALWAYS_EMBED_SWIFT_STANDARD_LIBRARIES = YES;
				CODE_SIGN_STYLE = Automatic;
				CURRENT_PROJECT_VERSION = 1;
				DEVELOPMENT_TEAM = Y5LAGSY8W8;
				GENERATE_INFOPLIST_FILE = YES;
				MARKETING_VERSION = 1.0;
				PRODUCT_BUNDLE_IDENTIFIER = "com.desayscod.RickAndMorty-iOS-SwiftUIUITests";
				PRODUCT_NAME = "$(TARGET_NAME)";
				SWIFT_EMIT_LOC_STRINGS = NO;
				SWIFT_VERSION = 5.0;
				TARGETED_DEVICE_FAMILY = "1,2";
				TEST_TARGET_NAME = "RickAndMorty-iOS-SwiftUI";
			};
			name = Debug;
		};
		96C830532BD8A53F00301D58 /* Release */ = {
			isa = XCBuildConfiguration;
			buildSettings = {
				ALWAYS_EMBED_SWIFT_STANDARD_LIBRARIES = YES;
				CODE_SIGN_STYLE = Automatic;
				CURRENT_PROJECT_VERSION = 1;
				DEVELOPMENT_TEAM = Y5LAGSY8W8;
				GENERATE_INFOPLIST_FILE = YES;
				MARKETING_VERSION = 1.0;
				PRODUCT_BUNDLE_IDENTIFIER = "com.desayscod.RickAndMorty-iOS-SwiftUIUITests";
				PRODUCT_NAME = "$(TARGET_NAME)";
				SWIFT_EMIT_LOC_STRINGS = NO;
				SWIFT_VERSION = 5.0;
				TARGETED_DEVICE_FAMILY = "1,2";
				TEST_TARGET_NAME = "RickAndMorty-iOS-SwiftUI";
			};
			name = Release;
		};
/* End XCBuildConfiguration section */

/* Begin XCConfigurationList section */
		96C830202BD8A53D00301D58 /* Build configuration list for PBXProject "RickAndMorty-iOS-SwiftUI" */ = {
			isa = XCConfigurationList;
			buildConfigurations = (
				96C830492BD8A53F00301D58 /* Debug */,
				96C8304A2BD8A53F00301D58 /* Release */,
			);
			defaultConfigurationIsVisible = 0;
			defaultConfigurationName = Release;
		};
		96C8304B2BD8A53F00301D58 /* Build configuration list for PBXNativeTarget "RickAndMorty-iOS-SwiftUI" */ = {
			isa = XCConfigurationList;
			buildConfigurations = (
				96C8304C2BD8A53F00301D58 /* Debug */,
				96C8304D2BD8A53F00301D58 /* Release */,
			);
			defaultConfigurationIsVisible = 0;
			defaultConfigurationName = Release;
		};
		96C8304E2BD8A53F00301D58 /* Build configuration list for PBXNativeTarget "RickAndMorty-iOS-SwiftUITests" */ = {
			isa = XCConfigurationList;
			buildConfigurations = (
				96C8304F2BD8A53F00301D58 /* Debug */,
				96C830502BD8A53F00301D58 /* Release */,
			);
			defaultConfigurationIsVisible = 0;
			defaultConfigurationName = Release;
		};
		96C830512BD8A53F00301D58 /* Build configuration list for PBXNativeTarget "RickAndMorty-iOS-SwiftUIUITests" */ = {
			isa = XCConfigurationList;
			buildConfigurations = (
				96C830522BD8A53F00301D58 /* Debug */,
				96C830532BD8A53F00301D58 /* Release */,
			);
			defaultConfigurationIsVisible = 0;
			defaultConfigurationName = Release;
		};
/* End XCConfigurationList section */
	};
	rootObject = 96C8301D2BD8A53D00301D58 /* Project object */;
}
